// !$*UTF8*$!
{
	archiveVersion = 1;
	classes = {
	};
	objectVersion = 46;
	objects = {

/* Begin PBXBuildFile section */
		CF90864C19380E9800B02DDD /* Foundation.framework in Frameworks */ = {isa = PBXBuildFile; fileRef = CF90864B19380E9800B02DDD /* Foundation.framework */; };
		CF90864E19380E9800B02DDD /* CoreGraphics.framework in Frameworks */ = {isa = PBXBuildFile; fileRef = CF90864D19380E9800B02DDD /* CoreGraphics.framework */; };
		CF90865019380E9800B02DDD /* UIKit.framework in Frameworks */ = {isa = PBXBuildFile; fileRef = CF90864F19380E9800B02DDD /* UIKit.framework */; };
		CF90865619380E9800B02DDD /* InfoPlist.strings in Resources */ = {isa = PBXBuildFile; fileRef = CF90865419380E9800B02DDD /* InfoPlist.strings */; };
		CF90865819380E9800B02DDD /* main.m in Sources */ = {isa = PBXBuildFile; fileRef = CF90865719380E9800B02DDD /* main.m */; };
		CF90865C19380E9800B02DDD /* AppDelegate.m in Sources */ = {isa = PBXBuildFile; fileRef = CF90865B19380E9800B02DDD /* AppDelegate.m */; };
		CF90865F19380E9800B02DDD /* Main_iPhone.storyboard in Resources */ = {isa = PBXBuildFile; fileRef = CF90865D19380E9800B02DDD /* Main_iPhone.storyboard */; };
		CF90866219380E9800B02DDD /* Main_iPad.storyboard in Resources */ = {isa = PBXBuildFile; fileRef = CF90866019380E9800B02DDD /* Main_iPad.storyboard */; };
		CF90866519380E9800B02DDD /* ViewController.m in Sources */ = {isa = PBXBuildFile; fileRef = CF90866419380E9800B02DDD /* ViewController.m */; };
		CF90866719380E9800B02DDD /* Images.xcassets in Resources */ = {isa = PBXBuildFile; fileRef = CF90866619380E9800B02DDD /* Images.xcassets */; };
		CF90866E19380E9800B02DDD /* XCTest.framework in Frameworks */ = {isa = PBXBuildFile; fileRef = CF90866D19380E9800B02DDD /* XCTest.framework */; };
		CF90866F19380E9800B02DDD /* Foundation.framework in Frameworks */ = {isa = PBXBuildFile; fileRef = CF90864B19380E9800B02DDD /* Foundation.framework */; };
		CF90867019380E9800B02DDD /* UIKit.framework in Frameworks */ = {isa = PBXBuildFile; fileRef = CF90864F19380E9800B02DDD /* UIKit.framework */; };
		CF90867819380E9800B02DDD /* InfoPlist.strings in Resources */ = {isa = PBXBuildFile; fileRef = CF90867619380E9800B02DDD /* InfoPlist.strings */; };
		CF90867A19380E9800B02DDD /* hello_iOSTests.m in Sources */ = {isa = PBXBuildFile; fileRef = CF90867919380E9800B02DDD /* hello_iOSTests.m */; };
/* End PBXBuildFile section */

/* Begin PBXContainerItemProxy section */
		CF90867119380E9800B02DDD /* PBXContainerItemProxy */ = {
			isa = PBXContainerItemProxy;
			containerPortal = CF90864019380E9800B02DDD /* Project object */;
			proxyType = 1;
			remoteGlobalIDString = CF90864719380E9800B02DDD;
			remoteInfo = "hello-iOS";
		};
/* End PBXContainerItemProxy section */

/* Begin PBXFileReference section */
		CF90864819380E9800B02DDD /* hello-iOS.app */ = {isa = PBXFileReference; explicitFileType = wrapper.application; includeInIndex = 0; path = "hello-iOS.app"; sourceTree = BUILT_PRODUCTS_DIR; };
		CF90864B19380E9800B02DDD /* Foundation.framework */ = {isa = PBXFileReference; lastKnownFileType = wrapper.framework; name = Foundation.framework; path = System/Library/Frameworks/Foundation.framework; sourceTree = SDKROOT; };
		CF90864D19380E9800B02DDD /* CoreGraphics.framework */ = {isa = PBXFileReference; lastKnownFileType = wrapper.framework; name = CoreGraphics.framework; path = System/Library/Frameworks/CoreGraphics.framework; sourceTree = SDKROOT; };
		CF90864F19380E9800B02DDD /* UIKit.framework */ = {isa = PBXFileReference; lastKnownFileType = wrapper.framework; name = UIKit.framework; path = System/Library/Frameworks/UIKit.framework; sourceTree = SDKROOT; };
		CF90865319380E9800B02DDD /* hello-iOS-Info.plist */ = {isa = PBXFileReference; lastKnownFileType = text.plist.xml; path = "hello-iOS-Info.plist"; sourceTree = "<group>"; };
		CF90865519380E9800B02DDD /* en */ = {isa = PBXFileReference; lastKnownFileType = text.plist.strings; name = en; path = en.lproj/InfoPlist.strings; sourceTree = "<group>"; };
		CF90865719380E9800B02DDD /* main.m */ = {isa = PBXFileReference; lastKnownFileType = sourcecode.c.objc; path = main.m; sourceTree = "<group>"; };
		CF90865919380E9800B02DDD /* hello-iOS-Prefix.pch */ = {isa = PBXFileReference; lastKnownFileType = sourcecode.c.h; path = "hello-iOS-Prefix.pch"; sourceTree = "<group>"; };
		CF90865A19380E9800B02DDD /* AppDelegate.h */ = {isa = PBXFileReference; lastKnownFileType = sourcecode.c.h; path = AppDelegate.h; sourceTree = "<group>"; };
		CF90865B19380E9800B02DDD /* AppDelegate.m */ = {isa = PBXFileReference; lastKnownFileType = sourcecode.c.objc; path = AppDelegate.m; sourceTree = "<group>"; };
		CF90865E19380E9800B02DDD /* Base */ = {isa = PBXFileReference; lastKnownFileType = file.storyboard; name = Base; path = Base.lproj/Main_iPhone.storyboard; sourceTree = "<group>"; };
		CF90866119380E9800B02DDD /* Base */ = {isa = PBXFileReference; lastKnownFileType = file.storyboard; name = Base; path = Base.lproj/Main_iPad.storyboard; sourceTree = "<group>"; };
		CF90866319380E9800B02DDD /* ViewController.h */ = {isa = PBXFileReference; lastKnownFileType = sourcecode.c.h; path = ViewController.h; sourceTree = "<group>"; };
		CF90866419380E9800B02DDD /* ViewController.m */ = {isa = PBXFileReference; lastKnownFileType = sourcecode.c.objc; path = ViewController.m; sourceTree = "<group>"; };
		CF90866619380E9800B02DDD /* Images.xcassets */ = {isa = PBXFileReference; lastKnownFileType = folder.assetcatalog; path = Images.xcassets; sourceTree = "<group>"; };
		CF90866C19380E9800B02DDD /* hello-iOSTests.xctest */ = {isa = PBXFileReference; explicitFileType = wrapper.cfbundle; includeInIndex = 0; path = "hello-iOSTests.xctest"; sourceTree = BUILT_PRODUCTS_DIR; };
		CF90866D19380E9800B02DDD /* XCTest.framework */ = {isa = PBXFileReference; lastKnownFileType = wrapper.framework; name = XCTest.framework; path = Library/Frameworks/XCTest.framework; sourceTree = DEVELOPER_DIR; };
		CF90867519380E9800B02DDD /* hello-iOSTests-Info.plist */ = {isa = PBXFileReference; lastKnownFileType = text.plist.xml; path = "hello-iOSTests-Info.plist"; sourceTree = "<group>"; };
		CF90867719380E9800B02DDD /* en */ = {isa = PBXFileReference; lastKnownFileType = text.plist.strings; name = en; path = en.lproj/InfoPlist.strings; sourceTree = "<group>"; };
		CF90867919380E9800B02DDD /* hello_iOSTests.m */ = {isa = PBXFileReference; lastKnownFileType = sourcecode.c.objc; path = hello_iOSTests.m; sourceTree = "<group>"; };
/* End PBXFileReference section */

/* Begin PBXFrameworksBuildPhase section */
		CF90864519380E9800B02DDD /* Frameworks */ = {
			isa = PBXFrameworksBuildPhase;
			buildActionMask = 2147483647;
			files = (
				CF90864E19380E9800B02DDD /* CoreGraphics.framework in Frameworks */,
				CF90865019380E9800B02DDD /* UIKit.framework in Frameworks */,
				CF90864C19380E9800B02DDD /* Foundation.framework in Frameworks */,
			);
			runOnlyForDeploymentPostprocessing = 0;
		};
		CF90866919380E9800B02DDD /* Frameworks */ = {
			isa = PBXFrameworksBuildPhase;
			buildActionMask = 2147483647;
			files = (
				CF90866E19380E9800B02DDD /* XCTest.framework in Frameworks */,
				CF90867019380E9800B02DDD /* UIKit.framework in Frameworks */,
				CF90866F19380E9800B02DDD /* Foundation.framework in Frameworks */,
			);
			runOnlyForDeploymentPostprocessing = 0;
		};
/* End PBXFrameworksBuildPhase section */

/* Begin PBXGroup section */
		CF90863F19380E9800B02DDD = {
			isa = PBXGroup;
			children = (
				CF90865119380E9800B02DDD /* hello-iOS */,
				CF90867319380E9800B02DDD /* hello-iOSTests */,
				CF90864A19380E9800B02DDD /* Frameworks */,
				CF90864919380E9800B02DDD /* Products */,
			);
			sourceTree = "<group>";
		};
		CF90864919380E9800B02DDD /* Products */ = {
			isa = PBXGroup;
			children = (
				CF90864819380E9800B02DDD /* hello-iOS.app */,
				CF90866C19380E9800B02DDD /* hello-iOSTests.xctest */,
			);
			name = Products;
			sourceTree = "<group>";
		};
		CF90864A19380E9800B02DDD /* Frameworks */ = {
			isa = PBXGroup;
			children = (
				CF90864B19380E9800B02DDD /* Foundation.framework */,
				CF90864D19380E9800B02DDD /* CoreGraphics.framework */,
				CF90864F19380E9800B02DDD /* UIKit.framework */,
				CF90866D19380E9800B02DDD /* XCTest.framework */,
			);
			name = Frameworks;
			sourceTree = "<group>";
		};
		CF90865119380E9800B02DDD /* hello-iOS */ = {
			isa = PBXGroup;
			children = (
				CF90865A19380E9800B02DDD /* AppDelegate.h */,
				CF90865B19380E9800B02DDD /* AppDelegate.m */,
				CF90865D19380E9800B02DDD /* Main_iPhone.storyboard */,
				CF90866019380E9800B02DDD /* Main_iPad.storyboard */,
				CF90866319380E9800B02DDD /* ViewController.h */,
				CF90866419380E9800B02DDD /* ViewController.m */,
				CF90866619380E9800B02DDD /* Images.xcassets */,
				CF90865219380E9800B02DDD /* Supporting Files */,
			);
			path = "hello-iOS";
			sourceTree = "<group>";
		};
		CF90865219380E9800B02DDD /* Supporting Files */ = {
			isa = PBXGroup;
			children = (
				CF90865319380E9800B02DDD /* hello-iOS-Info.plist */,
				CF90865419380E9800B02DDD /* InfoPlist.strings */,
				CF90865719380E9800B02DDD /* main.m */,
				CF90865919380E9800B02DDD /* hello-iOS-Prefix.pch */,
			);
			name = "Supporting Files";
			sourceTree = "<group>";
		};
		CF90867319380E9800B02DDD /* hello-iOSTests */ = {
			isa = PBXGroup;
			children = (
				CF90867919380E9800B02DDD /* hello_iOSTests.m */,
				CF90867419380E9800B02DDD /* Supporting Files */,
			);
			path = "hello-iOSTests";
			sourceTree = "<group>";
		};
		CF90867419380E9800B02DDD /* Supporting Files */ = {
			isa = PBXGroup;
			children = (
				CF90867519380E9800B02DDD /* hello-iOSTests-Info.plist */,
				CF90867619380E9800B02DDD /* InfoPlist.strings */,
			);
			name = "Supporting Files";
			sourceTree = "<group>";
		};
/* End PBXGroup section */

/* Begin PBXNativeTarget section */
		CF90864719380E9800B02DDD /* hello-iOS */ = {
			isa = PBXNativeTarget;
			buildConfigurationList = CF90867D19380E9800B02DDD /* Build configuration list for PBXNativeTarget "hello-iOS" */;
			buildPhases = (
				CF90864419380E9800B02DDD /* Sources */,
				CF90864519380E9800B02DDD /* Frameworks */,
				CF90864619380E9800B02DDD /* Resources */,
			);
			buildRules = (
			);
			dependencies = (
			);
			name = "hello-iOS";
			productName = "hello-iOS";
			productReference = CF90864819380E9800B02DDD /* hello-iOS.app */;
			productType = "com.apple.product-type.application";
		};
		CF90866B19380E9800B02DDD /* hello-iOSTests */ = {
			isa = PBXNativeTarget;
			buildConfigurationList = CF90868019380E9800B02DDD /* Build configuration list for PBXNativeTarget "hello-iOSTests" */;
			buildPhases = (
				CF90866819380E9800B02DDD /* Sources */,
				CF90866919380E9800B02DDD /* Frameworks */,
				CF90866A19380E9800B02DDD /* Resources */,
			);
			buildRules = (
			);
			dependencies = (
				CF90867219380E9800B02DDD /* PBXTargetDependency */,
			);
			name = "hello-iOSTests";
			productName = "hello-iOSTests";
			productReference = CF90866C19380E9800B02DDD /* hello-iOSTests.xctest */;
			productType = "com.apple.product-type.bundle.unit-test";
		};
/* End PBXNativeTarget section */

/* Begin PBXProject section */
		CF90864019380E9800B02DDD /* Project object */ = {
			isa = PBXProject;
			attributes = {
				LastUpgradeCheck = 0510;
				ORGANIZATIONNAME = "___FULLUSERNAME___";
				TargetAttributes = {
					CF90866B19380E9800B02DDD = {
						TestTargetID = CF90864719380E9800B02DDD;
					};
				};
			};
			buildConfigurationList = CF90864319380E9800B02DDD /* Build configuration list for PBXProject "hello-iOS" */;
			compatibilityVersion = "Xcode 3.2";
			developmentRegion = English;
			hasScannedForEncodings = 0;
			knownRegions = (
				en,
				Base,
			);
			mainGroup = CF90863F19380E9800B02DDD;
			productRefGroup = CF90864919380E9800B02DDD /* Products */;
			projectDirPath = "";
			projectRoot = "";
			targets = (
				CF90864719380E9800B02DDD /* hello-iOS */,
				CF90866B19380E9800B02DDD /* hello-iOSTests */,
			);
		};
/* End PBXProject section */

/* Begin PBXResourcesBuildPhase section */
		CF90864619380E9800B02DDD /* Resources */ = {
			isa = PBXResourcesBuildPhase;
			buildActionMask = 2147483647;
			files = (
				CF90866219380E9800B02DDD /* Main_iPad.storyboard in Resources */,
				CF90866719380E9800B02DDD /* Images.xcassets in Resources */,
				CF90865F19380E9800B02DDD /* Main_iPhone.storyboard in Resources */,
				CF90865619380E9800B02DDD /* InfoPlist.strings in Resources */,
			);
			runOnlyForDeploymentPostprocessing = 0;
		};
		CF90866A19380E9800B02DDD /* Resources */ = {
			isa = PBXResourcesBuildPhase;
			buildActionMask = 2147483647;
			files = (
				CF90867819380E9800B02DDD /* InfoPlist.strings in Resources */,
			);
			runOnlyForDeploymentPostprocessing = 0;
		};
/* End PBXResourcesBuildPhase section */

/* Begin PBXSourcesBuildPhase section */
		CF90864419380E9800B02DDD /* Sources */ = {
			isa = PBXSourcesBuildPhase;
			buildActionMask = 2147483647;
			files = (
				CF90866519380E9800B02DDD /* ViewController.m in Sources */,
				CF90865C19380E9800B02DDD /* AppDelegate.m in Sources */,
				CF90865819380E9800B02DDD /* main.m in Sources */,
			);
			runOnlyForDeploymentPostprocessing = 0;
		};
		CF90866819380E9800B02DDD /* Sources */ = {
			isa = PBXSourcesBuildPhase;
			buildActionMask = 2147483647;
			files = (
				CF90867A19380E9800B02DDD /* hello_iOSTests.m in Sources */,
			);
			runOnlyForDeploymentPostprocessing = 0;
		};
/* End PBXSourcesBuildPhase section */

/* Begin PBXTargetDependency section */
		CF90867219380E9800B02DDD /* PBXTargetDependency */ = {
			isa = PBXTargetDependency;
			target = CF90864719380E9800B02DDD /* hello-iOS */;
			targetProxy = CF90867119380E9800B02DDD /* PBXContainerItemProxy */;
		};
/* End PBXTargetDependency section */

/* Begin PBXVariantGroup section */
		CF90865419380E9800B02DDD /* InfoPlist.strings */ = {
			isa = PBXVariantGroup;
			children = (
				CF90865519380E9800B02DDD /* en */,
			);
			name = InfoPlist.strings;
			sourceTree = "<group>";
		};
		CF90865D19380E9800B02DDD /* Main_iPhone.storyboard */ = {
			isa = PBXVariantGroup;
			children = (
				CF90865E19380E9800B02DDD /* Base */,
			);
			name = Main_iPhone.storyboard;
			sourceTree = "<group>";
		};
		CF90866019380E9800B02DDD /* Main_iPad.storyboard */ = {
			isa = PBXVariantGroup;
			children = (
				CF90866119380E9800B02DDD /* Base */,
			);
			name = Main_iPad.storyboard;
			sourceTree = "<group>";
		};
		CF90867619380E9800B02DDD /* InfoPlist.strings */ = {
			isa = PBXVariantGroup;
			children = (
				CF90867719380E9800B02DDD /* en */,
			);
			name = InfoPlist.strings;
			sourceTree = "<group>";
		};
/* End PBXVariantGroup section */

/* Begin XCBuildConfiguration section */
		CF90867B19380E9800B02DDD /* Debug */ = {
			isa = XCBuildConfiguration;
			buildSettings = {
				ALWAYS_SEARCH_USER_PATHS = NO;
				CLANG_CXX_LANGUAGE_STANDARD = "gnu++0x";
				CLANG_CXX_LIBRARY = "libc++";
				CLANG_ENABLE_MODULES = YES;
				CLANG_ENABLE_OBJC_ARC = YES;
				CLANG_WARN_BOOL_CONVERSION = YES;
				CLANG_WARN_CONSTANT_CONVERSION = YES;
				CLANG_WARN_DIRECT_OBJC_ISA_USAGE = YES_ERROR;
				CLANG_WARN_EMPTY_BODY = YES;
				CLANG_WARN_ENUM_CONVERSION = YES;
				CLANG_WARN_INT_CONVERSION = YES;
				CLANG_WARN_OBJC_ROOT_CLASS = YES_ERROR;
				CLANG_WARN__DUPLICATE_METHOD_MATCH = YES;
				"CODE_SIGN_IDENTITY[sdk=iphoneos*]" = "iPhone Developer";
				COPY_PHASE_STRIP = NO;
				GCC_C_LANGUAGE_STANDARD = gnu99;
				GCC_DYNAMIC_NO_PIC = NO;
				GCC_OPTIMIZATION_LEVEL = 0;
				GCC_PREPROCESSOR_DEFINITIONS = (
					"DEBUG=1",
					"$(inherited)",
				);
				GCC_SYMBOLS_PRIVATE_EXTERN = NO;
				GCC_WARN_64_TO_32_BIT_CONVERSION = YES;
				GCC_WARN_ABOUT_RETURN_TYPE = YES_ERROR;
				GCC_WARN_UNDECLARED_SELECTOR = YES;
				GCC_WARN_UNINITIALIZED_AUTOS = YES_AGGRESSIVE;
				GCC_WARN_UNUSED_FUNCTION = YES;
				GCC_WARN_UNUSED_VARIABLE = YES;
				IPHONEOS_DEPLOYMENT_TARGET = 7.1;
				ONLY_ACTIVE_ARCH = YES;
				SDKROOT = iphoneos;
				TARGETED_DEVICE_FAMILY = "1,2";
			};
			name = Debug;
		};
		CF90867C19380E9800B02DDD /* Release */ = {
			isa = XCBuildConfiguration;
			buildSettings = {
				ALWAYS_SEARCH_USER_PATHS = NO;
				CLANG_CXX_LANGUAGE_STANDARD = "gnu++0x";
				CLANG_CXX_LIBRARY = "libc++";
				CLANG_ENABLE_MODULES = YES;
				CLANG_ENABLE_OBJC_ARC = YES;
				CLANG_WARN_BOOL_CONVERSION = YES;
				CLANG_WARN_CONSTANT_CONVERSION = YES;
				CLANG_WARN_DIRECT_OBJC_ISA_USAGE = YES_ERROR;
				CLANG_WARN_EMPTY_BODY = YES;
				CLANG_WARN_ENUM_CONVERSION = YES;
				CLANG_WARN_INT_CONVERSION = YES;
				CLANG_WARN_OBJC_ROOT_CLASS = YES_ERROR;
				CLANG_WARN__DUPLICATE_METHOD_MATCH = YES;
				"CODE_SIGN_IDENTITY[sdk=iphoneos*]" = "iPhone Developer";
				COPY_PHASE_STRIP = YES;
				ENABLE_NS_ASSERTIONS = NO;
				GCC_C_LANGUAGE_STANDARD = gnu99;
				GCC_WARN_64_TO_32_BIT_CONVERSION = YES;
				GCC_WARN_ABOUT_RETURN_TYPE = YES_ERROR;
				GCC_WARN_UNDECLARED_SELECTOR = YES;
				GCC_WARN_UNINITIALIZED_AUTOS = YES_AGGRESSIVE;
				GCC_WARN_UNUSED_FUNCTION = YES;
				GCC_WARN_UNUSED_VARIABLE = YES;
				IPHONEOS_DEPLOYMENT_TARGET = 7.1;
				SDKROOT = iphoneos;
				TARGETED_DEVICE_FAMILY = "1,2";
				VALIDATE_PRODUCT = YES;
			};
			name = Release;
		};
		CF90867E19380E9800B02DDD /* Debug */ = {
			isa = XCBuildConfiguration;
			buildSettings = {
				ASSETCATALOG_COMPILER_APPICON_NAME = AppIcon;
				ASSETCATALOG_COMPILER_LAUNCHIMAGE_NAME = LaunchImage;
				GCC_PRECOMPILE_PREFIX_HEADER = YES;
				GCC_PREFIX_HEADER = "hello-iOS/hello-iOS-Prefix.pch";
				INFOPLIST_FILE = "hello-iOS/hello-iOS-Info.plist";
				PRODUCT_NAME = "$(TARGET_NAME)";
				WRAPPER_EXTENSION = app;
			};
			name = Debug;
		};
		CF90867F19380E9800B02DDD /* Release */ = {
			isa = XCBuildConfiguration;
			buildSettings = {
				ASSETCATALOG_COMPILER_APPICON_NAME = AppIcon;
				ASSETCATALOG_COMPILER_LAUNCHIMAGE_NAME = LaunchImage;
				GCC_PRECOMPILE_PREFIX_HEADER = YES;
				GCC_PREFIX_HEADER = "hello-iOS/hello-iOS-Prefix.pch";
				INFOPLIST_FILE = "hello-iOS/hello-iOS-Info.plist";
				PRODUCT_NAME = "$(TARGET_NAME)";
				WRAPPER_EXTENSION = app;
			};
			name = Release;
		};
		CF90868119380E9800B02DDD /* Debug */ = {
			isa = XCBuildConfiguration;
			buildSettings = {
				BUNDLE_LOADER = "$(BUILT_PRODUCTS_DIR)/hello-iOS.app/hello-iOS";
				FRAMEWORK_SEARCH_PATHS = (
					"$(SDKROOT)/Developer/Library/Frameworks",
					"$(inherited)",
					"$(DEVELOPER_FRAMEWORKS_DIR)",
				);
				GCC_PRECOMPILE_PREFIX_HEADER = YES;
				GCC_PREFIX_HEADER = "hello-iOS/hello-iOS-Prefix.pch";
				GCC_PREPROCESSOR_DEFINITIONS = (
					"DEBUG=1",
					"$(inherited)",
				);
				INFOPLIST_FILE = "hello-iOSTests/hello-iOSTests-Info.plist";
				PRODUCT_NAME = "$(TARGET_NAME)";
				TEST_HOST = "$(BUNDLE_LOADER)";
				WRAPPER_EXTENSION = xctest;
			};
			name = Debug;
		};
		CF90868219380E9800B02DDD /* Release */ = {
			isa = XCBuildConfiguration;
			buildSettings = {
				BUNDLE_LOADER = "$(BUILT_PRODUCTS_DIR)/hello-iOS.app/hello-iOS";
				FRAMEWORK_SEARCH_PATHS = (
					"$(SDKROOT)/Developer/Library/Frameworks",
					"$(inherited)",
					"$(DEVELOPER_FRAMEWORKS_DIR)",
				);
				GCC_PRECOMPILE_PREFIX_HEADER = YES;
				GCC_PREFIX_HEADER = "hello-iOS/hello-iOS-Prefix.pch";
				INFOPLIST_FILE = "hello-iOSTests/hello-iOSTests-Info.plist";
				PRODUCT_NAME = "$(TARGET_NAME)";
				TEST_HOST = "$(BUNDLE_LOADER)";
				WRAPPER_EXTENSION = xctest;
			};
			name = Release;
		};
/* End XCBuildConfiguration section */

/* Begin XCConfigurationList section */
		CF90864319380E9800B02DDD /* Build configuration list for PBXProject "hello-iOS" */ = {
			isa = XCConfigurationList;
			buildConfigurations = (
				CF90867B19380E9800B02DDD /* Debug */,
				CF90867C19380E9800B02DDD /* Release */,
			);
			defaultConfigurationIsVisible = 0;
			defaultConfigurationName = Release;
		};
		CF90867D19380E9800B02DDD /* Build configuration list for PBXNativeTarget "hello-iOS" */ = {
			isa = XCConfigurationList;
			buildConfigurations = (
				CF90867E19380E9800B02DDD /* Debug */,
				CF90867F19380E9800B02DDD /* Release */,
			);
			defaultConfigurationIsVisible = 0;
		};
		CF90868019380E9800B02DDD /* Build configuration list for PBXNativeTarget "hello-iOSTests" */ = {
			isa = XCConfigurationList;
			buildConfigurations = (
				CF90868119380E9800B02DDD /* Debug */,
				CF90868219380E9800B02DDD /* Release */,
			);
			defaultConfigurationIsVisible = 0;
		};
/* End XCConfigurationList section */
	};
	rootObject = CF90864019380E9800B02DDD /* Project object */;
}
